
Microsoft Visual Studio Solution File, Format Version 12.00
# Visual Studio 2012
Project("{FAE04EC0-301F-11D3-BF4B-00C04F79EFBC}") = "wpfTetri", "wpfTetri\wpfTetri.csproj", "{BEDC16B6-E473-43F8-B183-88BD472E933B}"
EndProject
Global
	GlobalSection(TeamFoundationVersionControl) = preSolution
		SccNumberOfProjects = 2
		SccEnterpriseProvider = {4CA58AB2-18FA-4F8D-95D4-32DDF27D184C}
		SccTeamFoundationServer = https://matthijsf.visualstudio.com/defaultcollection
		SccLocalPath0 = .
		SccProjectUniqueName1 = wpfTetri\\wpfTetri.csproj
		SccProjectName1 = wpfTetri
		SccLocalPath1 = wpfTetri
	EndGlobalSection
	GlobalSection(SolutionConfigurationPlatforms) = preSolution
		Debug|Any CPU = Debug|Any CPU
		Release|Any CPU = Release|Any CPU
	EndGlobalSection
	GlobalSection(ProjectConfigurationPlatforms) = postSolution
		{BEDC16B6-E473-43F8-B183-88BD472E933B}.Debug|Any CPU.ActiveCfg = Debug|Any CPU
		{BEDC16B6-E473-43F8-B183-88BD472E933B}.Debug|Any CPU.Build.0 = Debug|Any CPU
		{BEDC16B6-E473-43F8-B183-88BD472E933B}.Release|Any CPU.ActiveCfg = Release|Any CPU
		{BEDC16B6-E473-43F8-B183-88BD472E933B}.Release|Any CPU.Build.0 = Release|Any CPU
	EndGlobalSection
	GlobalSection(SolutionProperties) = preSolution
		HideSolutionNode = FALSE
	EndGlobalSection
EndGlobal
